
Microsoft Visual Studio Solution File, Format Version 12.00
# Visual Studio Version 17
VisualStudioVersion = 17.2.32630.192
MinimumVisualStudioVersion = 10.0.40219.1
Project("{FAE04EC0-301F-11D3-BF4B-00C04F79EFBC}") = "StudentApplication", "StudentApplication\StudentApplication.csproj", "{B29D1F49-89C3-447A-868D-AAA7EB8F0652}"
EndProject
Global
	GlobalSection(SolutionConfigurationPlatforms) = preSolution
		Debug|Any CPU = Debug|Any CPU
		Release|Any CPU = Release|Any CPU
	EndGlobalSection
	GlobalSection(ProjectConfigurationPlatforms) = postSolution
		{B29D1F49-89C3-447A-868D-AAA7EB8F0652}.Debug|Any CPU.ActiveCfg = Debug|Any CPU
		{B29D1F49-89C3-447A-868D-AAA7EB8F0652}.Debug|Any CPU.Build.0 = Debug|Any CPU
		{B29D1F49-89C3-447A-868D-AAA7EB8F0652}.Release|Any CPU.ActiveCfg = Release|Any CPU
		{B29D1F49-89C3-447A-868D-AAA7EB8F0652}.Release|Any CPU.Build.0 = Release|Any CPU
	EndGlobalSection
	GlobalSection(SolutionProperties) = preSolution
		HideSolutionNode = FALSE
	EndGlobalSection
	GlobalSection(ExtensibilityGlobals) = postSolution
		SolutionGuid = {481E4185-5CB4-48A5-AA7E-F2F86A23D0EF}
	EndGlobalSection
EndGlobal
